
Microsoft Visual Studio Solution File, Format Version 12.00
# Visual Studio 15
VisualStudioVersion = 15.0.26730.16
MinimumVisualStudioVersion = 10.0.40219.1
Project("{FAE04EC0-301F-11D3-BF4B-00C04F79EFBC}") = "GameViaArraysAttempt", "GameViaArraysAttempt\GameViaArraysAttempt.csproj", "{6125DCAD-72E9-4279-901A-7B1D8D12B37E}"
EndProject
Global
	GlobalSection(SolutionConfigurationPlatforms) = preSolution
		Debug|Any CPU = Debug|Any CPU
		Release|Any CPU = Release|Any CPU
	EndGlobalSection
	GlobalSection(ProjectConfigurationPlatforms) = postSolution
		{6125DCAD-72E9-4279-901A-7B1D8D12B37E}.Debug|Any CPU.ActiveCfg = Debug|Any CPU
		{6125DCAD-72E9-4279-901A-7B1D8D12B37E}.Debug|Any CPU.Build.0 = Debug|Any CPU
		{6125DCAD-72E9-4279-901A-7B1D8D12B37E}.Release|Any CPU.ActiveCfg = Release|Any CPU
		{6125DCAD-72E9-4279-901A-7B1D8D12B37E}.Release|Any CPU.Build.0 = Release|Any CPU
	EndGlobalSection
	GlobalSection(SolutionProperties) = preSolution
		HideSolutionNode = FALSE
	EndGlobalSection
	GlobalSection(ExtensibilityGlobals) = postSolution
		SolutionGuid = {3FC927F1-7E0A-49A2-9B51-1D0AED70DA99}
	EndGlobalSection
EndGlobal
